
Microsoft Visual Studio Solution File, Format Version 12.00
# Visual Studio Version 17
VisualStudioVersion = 17.9.34622.214
MinimumVisualStudioVersion = 10.0.40219.1
Project("{FAE04EC0-301F-11D3-BF4B-00C04F79EFBC}") = "VeloTest", "VeloTest.csproj", "{B72B199A-879C-49F6-B2AD-BA4329AFE3FA}"
EndProject
Global
	GlobalSection(SolutionConfigurationPlatforms) = preSolution
		Debug|Any CPU = Debug|Any CPU
		Release|Any CPU = Release|Any CPU
	EndGlobalSection
	GlobalSection(ProjectConfigurationPlatforms) = postSolution
		{B72B199A-879C-49F6-B2AD-BA4329AFE3FA}.Debug|Any CPU.ActiveCfg = Debug|Any CPU
		{B72B199A-879C-49F6-B2AD-BA4329AFE3FA}.Debug|Any CPU.Build.0 = Debug|Any CPU
		{B72B199A-879C-49F6-B2AD-BA4329AFE3FA}.Release|Any CPU.ActiveCfg = Release|Any CPU
		{B72B199A-879C-49F6-B2AD-BA4329AFE3FA}.Release|Any CPU.Build.0 = Release|Any CPU
	EndGlobalSection
	GlobalSection(SolutionProperties) = preSolution
		HideSolutionNode = FALSE
	EndGlobalSection
	GlobalSection(ExtensibilityGlobals) = postSolution
		SolutionGuid = {F4EE6C74-030D-4D9A-A194-C3D79B632B9E}
	EndGlobalSection
EndGlobal
